
Microsoft Visual Studio Solution File, Format Version 12.00
# Visual Studio Version 16
VisualStudioVersion = 16.0.30717.126
MinimumVisualStudioVersion = 10.0.40219.1
Project("{9A19103F-16F7-4668-BE54-9A1E7A4F7556}") = "CSharpIntro", "CSharpIntro\CSharpIntro.csproj", "{8CF50A02-99EF-4C19-9D7F-8A111293DDCE}"
EndProject
Project("{9A19103F-16F7-4668-BE54-9A1E7A4F7556}") = "Arrays", "Arrays\Arrays.csproj", "{42D193E0-111F-40C3-A694-E4A786CC2C11}"
EndProject
Project("{9A19103F-16F7-4668-BE54-9A1E7A4F7556}") = "Loops", "Loops\Loops.csproj", "{59AC6826-1F0B-4E91-8421-2E288434D444}"
EndProject
Project("{9A19103F-16F7-4668-BE54-9A1E7A4F7556}") = "Project1", "Project1\Project1.csproj", "{B2C4F2DE-7D06-4CA5-955F-C98650CF9D9F}"
EndProject
Project("{9A19103F-16F7-4668-BE54-9A1E7A4F7556}") = "Lists", "Lists\Lists.csproj", "{637E7C64-6A77-4DD9-BA40-341EDCB3C13B}"
EndProject
Project("{9A19103F-16F7-4668-BE54-9A1E7A4F7556}") = "Project2", "Project2\Project2.csproj", "{2E6DEDEB-CF50-4360-8601-2FF2A52E8662}"
EndProject
Project("{9A19103F-16F7-4668-BE54-9A1E7A4F7556}") = "Classes", "Classes\Classes.csproj", "{5FB38D08-3265-4280-89FB-987B4488226D}"
EndProject
Project("{9A19103F-16F7-4668-BE54-9A1E7A4F7556}") = "Classes2", "Classes2\Classes2.csproj", "{E3937D1C-6CD2-4292-AC20-D9B84E0EEC47}"
EndProject
Project("{9A19103F-16F7-4668-BE54-9A1E7A4F7556}") = "Methods", "Methods\Methods.csproj", "{C1BEE8BC-2C28-49A9-8256-2D43AD07E55F}"
EndProject
Project("{9A19103F-16F7-4668-BE54-9A1E7A4F7556}") = "Project3", "Project3\Project3.csproj", "{C82A411D-CB2F-4660-BEFD-1E68B5BDEAA6}"
EndProject
Project("{9A19103F-16F7-4668-BE54-9A1E7A4F7556}") = "Constructors", "Constructors\Constructors.csproj", "{937B36C6-2ED7-45C4-839C-13740B6B2CF9}"
EndProject
Project("{9A19103F-16F7-4668-BE54-9A1E7A4F7556}") = "Inheritance", "Inheritance\Inheritance.csproj", "{1C667114-4E45-4C99-90EC-2107E3133179}"
EndProject
Project("{9A19103F-16F7-4668-BE54-9A1E7A4F7556}") = "ReferenceTypes", "ReferenceTypes\ReferenceTypes.csproj", "{00C23808-DF60-464F-8CF5-1B14EA772C63}"
EndProject
Project("{9A19103F-16F7-4668-BE54-9A1E7A4F7556}") = "Properties", "Properties\Properties.csproj", "{FE6AF4A2-5C5E-4D63-A250-0CB71C70B7E7}"
EndProject
Project("{FAE04EC0-301F-11D3-BF4B-00C04F79EFBC}") = "AccesModifiers", "AccesModifiers\AccesModifiers.csproj", "{EA968B79-43F6-4903-BCFB-20AF38A86FCA}"
EndProject
Project("{FAE04EC0-301F-11D3-BF4B-00C04F79EFBC}") = "AccessModifiersTest", "AccessModifiersTest\AccessModifiersTest.csproj", "{018DD0E3-FEFB-4A11-8262-8A56BF86F565}"
EndProject
Project("{FAE04EC0-301F-11D3-BF4B-00C04F79EFBC}") = "Interfaces", "Interfaces\Interfaces.csproj", "{4D11C972-6E53-4A02-99EB-3127F9EB24FC}"
EndProject
Global
	GlobalSection(SolutionConfigurationPlatforms) = preSolution
		Debug|Any CPU = Debug|Any CPU
		Release|Any CPU = Release|Any CPU
	EndGlobalSection
	GlobalSection(ProjectConfigurationPlatforms) = postSolution
		{8CF50A02-99EF-4C19-9D7F-8A111293DDCE}.Debug|Any CPU.ActiveCfg = Debug|Any CPU
		{8CF50A02-99EF-4C19-9D7F-8A111293DDCE}.Debug|Any CPU.Build.0 = Debug|Any CPU
		{8CF50A02-99EF-4C19-9D7F-8A111293DDCE}.Release|Any CPU.ActiveCfg = Release|Any CPU
		{8CF50A02-99EF-4C19-9D7F-8A111293DDCE}.Release|Any CPU.Build.0 = Release|Any CPU
		{42D193E0-111F-40C3-A694-E4A786CC2C11}.Debug|Any CPU.ActiveCfg = Debug|Any CPU
		{42D193E0-111F-40C3-A694-E4A786CC2C11}.Debug|Any CPU.Build.0 = Debug|Any CPU
		{42D193E0-111F-40C3-A694-E4A786CC2C11}.Release|Any CPU.ActiveCfg = Release|Any CPU
		{42D193E0-111F-40C3-A694-E4A786CC2C11}.Release|Any CPU.Build.0 = Release|Any CPU
		{59AC6826-1F0B-4E91-8421-2E288434D444}.Debug|Any CPU.ActiveCfg = Debug|Any CPU
		{59AC6826-1F0B-4E91-8421-2E288434D444}.Debug|Any CPU.Build.0 = Debug|Any CPU
		{59AC6826-1F0B-4E91-8421-2E288434D444}.Release|Any CPU.ActiveCfg = Release|Any CPU
		{59AC6826-1F0B-4E91-8421-2E288434D444}.Release|Any CPU.Build.0 = Release|Any CPU
		{B2C4F2DE-7D06-4CA5-955F-C98650CF9D9F}.Debug|Any CPU.ActiveCfg = Debug|Any CPU
		{B2C4F2DE-7D06-4CA5-955F-C98650CF9D9F}.Debug|Any CPU.Build.0 = Debug|Any CPU
		{B2C4F2DE-7D06-4CA5-955F-C98650CF9D9F}.Release|Any CPU.ActiveCfg = Release|Any CPU
		{B2C4F2DE-7D06-4CA5-955F-C98650CF9D9F}.Release|Any CPU.Build.0 = Release|Any CPU
		{637E7C64-6A77-4DD9-BA40-341EDCB3C13B}.Debug|Any CPU.ActiveCfg = Debug|Any CPU
		{637E7C64-6A77-4DD9-BA40-341EDCB3C13B}.Debug|Any CPU.Build.0 = Debug|Any CPU
		{637E7C64-6A77-4DD9-BA40-341EDCB3C13B}.Release|Any CPU.ActiveCfg = Release|Any CPU
		{637E7C64-6A77-4DD9-BA40-341EDCB3C13B}.Release|Any CPU.Build.0 = Release|Any CPU
		{2E6DEDEB-CF50-4360-8601-2FF2A52E8662}.Debug|Any CPU.ActiveCfg = Debug|Any CPU
		{2E6DEDEB-CF50-4360-8601-2FF2A52E8662}.Debug|Any CPU.Build.0 = Debug|Any CPU
		{2E6DEDEB-CF50-4360-8601-2FF2A52E8662}.Release|Any CPU.ActiveCfg = Release|Any CPU
		{2E6DEDEB-CF50-4360-8601-2FF2A52E8662}.Release|Any CPU.Build.0 = Release|Any CPU
		{5FB38D08-3265-4280-89FB-987B4488226D}.Debug|Any CPU.ActiveCfg = Debug|Any CPU
		{5FB38D08-3265-4280-89FB-987B4488226D}.Debug|Any CPU.Build.0 = Debug|Any CPU
		{5FB38D08-3265-4280-89FB-987B4488226D}.Release|Any CPU.ActiveCfg = Release|Any CPU
		{5FB38D08-3265-4280-89FB-987B4488226D}.Release|Any CPU.Build.0 = Release|Any CPU
		{E3937D1C-6CD2-4292-AC20-D9B84E0EEC47}.Debug|Any CPU.ActiveCfg = Debug|Any CPU
		{E3937D1C-6CD2-4292-AC20-D9B84E0EEC47}.Debug|Any CPU.Build.0 = Debug|Any CPU
		{E3937D1C-6CD2-4292-AC20-D9B84E0EEC47}.Release|Any CPU.ActiveCfg = Release|Any CPU
		{E3937D1C-6CD2-4292-AC20-D9B84E0EEC47}.Release|Any CPU.Build.0 = Release|Any CPU
		{C1BEE8BC-2C28-49A9-8256-2D43AD07E55F}.Debug|Any CPU.ActiveCfg = Debug|Any CPU
		{C1BEE8BC-2C28-49A9-8256-2D43AD07E55F}.Debug|Any CPU.Build.0 = Debug|Any CPU
		{C1BEE8BC-2C28-49A9-8256-2D43AD07E55F}.Release|Any CPU.ActiveCfg = Release|Any CPU
		{C1BEE8BC-2C28-49A9-8256-2D43AD07E55F}.Release|Any CPU.Build.0 = Release|Any CPU
		{C82A411D-CB2F-4660-BEFD-1E68B5BDEAA6}.Debug|Any CPU.ActiveCfg = Debug|Any CPU
		{C82A411D-CB2F-4660-BEFD-1E68B5BDEAA6}.Debug|Any CPU.Build.0 = Debug|Any CPU
		{C82A411D-CB2F-4660-BEFD-1E68B5BDEAA6}.Release|Any CPU.ActiveCfg = Release|Any CPU
		{C82A411D-CB2F-4660-BEFD-1E68B5BDEAA6}.Release|Any CPU.Build.0 = Release|Any CPU
		{937B36C6-2ED7-45C4-839C-13740B6B2CF9}.Debug|Any CPU.ActiveCfg = Debug|Any CPU
		{937B36C6-2ED7-45C4-839C-13740B6B2CF9}.Debug|Any CPU.Build.0 = Debug|Any CPU
		{937B36C6-2ED7-45C4-839C-13740B6B2CF9}.Release|Any CPU.ActiveCfg = Release|Any CPU
		{937B36C6-2ED7-45C4-839C-13740B6B2CF9}.Release|Any CPU.Build.0 = Release|Any CPU
		{1C667114-4E45-4C99-90EC-2107E3133179}.Debug|Any CPU.ActiveCfg = Debug|Any CPU
		{1C667114-4E45-4C99-90EC-2107E3133179}.Debug|Any CPU.Build.0 = Debug|Any CPU
		{1C667114-4E45-4C99-90EC-2107E3133179}.Release|Any CPU.ActiveCfg = Release|Any CPU
		{1C667114-4E45-4C99-90EC-2107E3133179}.Release|Any CPU.Build.0 = Release|Any CPU
		{00C23808-DF60-464F-8CF5-1B14EA772C63}.Debug|Any CPU.ActiveCfg = Debug|Any CPU
		{00C23808-DF60-464F-8CF5-1B14EA772C63}.Debug|Any CPU.Build.0 = Debug|Any CPU
		{00C23808-DF60-464F-8CF5-1B14EA772C63}.Release|Any CPU.ActiveCfg = Release|Any CPU
		{00C23808-DF60-464F-8CF5-1B14EA772C63}.Release|Any CPU.Build.0 = Release|Any CPU
		{FE6AF4A2-5C5E-4D63-A250-0CB71C70B7E7}.Debug|Any CPU.ActiveCfg = Debug|Any CPU
		{FE6AF4A2-5C5E-4D63-A250-0CB71C70B7E7}.Debug|Any CPU.Build.0 = Debug|Any CPU
		{FE6AF4A2-5C5E-4D63-A250-0CB71C70B7E7}.Release|Any CPU.ActiveCfg = Release|Any CPU
		{FE6AF4A2-5C5E-4D63-A250-0CB71C70B7E7}.Release|Any CPU.Build.0 = Release|Any CPU
		{EA968B79-43F6-4903-BCFB-20AF38A86FCA}.Debug|Any CPU.ActiveCfg = Debug|Any CPU
		{EA968B79-43F6-4903-BCFB-20AF38A86FCA}.Debug|Any CPU.Build.0 = Debug|Any CPU
		{EA968B79-43F6-4903-BCFB-20AF38A86FCA}.Release|Any CPU.ActiveCfg = Release|Any CPU
		{EA968B79-43F6-4903-BCFB-20AF38A86FCA}.Release|Any CPU.Build.0 = Release|Any CPU
		{018DD0E3-FEFB-4A11-8262-8A56BF86F565}.Debug|Any CPU.ActiveCfg = Debug|Any CPU
		{018DD0E3-FEFB-4A11-8262-8A56BF86F565}.Debug|Any CPU.Build.0 = Debug|Any CPU
		{018DD0E3-FEFB-4A11-8262-8A56BF86F565}.Release|Any CPU.ActiveCfg = Release|Any CPU
		{018DD0E3-FEFB-4A11-8262-8A56BF86F565}.Release|Any CPU.Build.0 = Release|Any CPU
		{4D11C972-6E53-4A02-99EB-3127F9EB24FC}.Debug|Any CPU.ActiveCfg = Debug|Any CPU
		{4D11C972-6E53-4A02-99EB-3127F9EB24FC}.Debug|Any CPU.Build.0 = Debug|Any CPU
		{4D11C972-6E53-4A02-99EB-3127F9EB24FC}.Release|Any CPU.ActiveCfg = Release|Any CPU
		{4D11C972-6E53-4A02-99EB-3127F9EB24FC}.Release|Any CPU.Build.0 = Release|Any CPU
	EndGlobalSection
	GlobalSection(SolutionProperties) = preSolution
		HideSolutionNode = FALSE
	EndGlobalSection
	GlobalSection(ExtensibilityGlobals) = postSolution
		SolutionGuid = {E2F00F15-C240-4F6F-8261-D059FFE5F090}
	EndGlobalSection
EndGlobal
